// !$*UTF8*$!
{
	archiveVersion = 1;
	classes = {
	};
	objectVersion = 46;
	objects = {

/* Begin PBXBuildFile section */
		BA524A6F19821270006973F4 /* Foundation.framework in Frameworks */ = {isa = PBXBuildFile; fileRef = BA524A6E19821270006973F4 /* Foundation.framework */; };
		BA524A7119821270006973F4 /* CoreGraphics.framework in Frameworks */ = {isa = PBXBuildFile; fileRef = BA524A7019821270006973F4 /* CoreGraphics.framework */; };
		BA524A7319821270006973F4 /* UIKit.framework in Frameworks */ = {isa = PBXBuildFile; fileRef = BA524A7219821270006973F4 /* UIKit.framework */; };
		BA524A7919821270006973F4 /* InfoPlist.strings in Resources */ = {isa = PBXBuildFile; fileRef = BA524A7719821270006973F4 /* InfoPlist.strings */; };
		BA524A7B19821270006973F4 /* main.m in Sources */ = {isa = PBXBuildFile; fileRef = BA524A7A19821270006973F4 /* main.m */; };
		BA524A7F19821270006973F4 /* AppDelegate.m in Sources */ = {isa = PBXBuildFile; fileRef = BA524A7E19821270006973F4 /* AppDelegate.m */; };
		BA524A8119821270006973F4 /* Images.xcassets in Resources */ = {isa = PBXBuildFile; fileRef = BA524A8019821270006973F4 /* Images.xcassets */; };
		BA524A8819821270006973F4 /* XCTest.framework in Frameworks */ = {isa = PBXBuildFile; fileRef = BA524A8719821270006973F4 /* XCTest.framework */; };
		BA524A8919821270006973F4 /* Foundation.framework in Frameworks */ = {isa = PBXBuildFile; fileRef = BA524A6E19821270006973F4 /* Foundation.framework */; };
		BA524A8A19821270006973F4 /* UIKit.framework in Frameworks */ = {isa = PBXBuildFile; fileRef = BA524A7219821270006973F4 /* UIKit.framework */; };
		BA524A9219821270006973F4 /* InfoPlist.strings in Resources */ = {isa = PBXBuildFile; fileRef = BA524A9019821270006973F4 /* InfoPlist.strings */; };
		BA524A9419821270006973F4 /* HorizontalTableViewTests.m in Sources */ = {isa = PBXBuildFile; fileRef = BA524A9319821270006973F4 /* HorizontalTableViewTests.m */; };
/* End PBXBuildFile section */

/* Begin PBXContainerItemProxy section */
		BA524A8B19821270006973F4 /* PBXContainerItemProxy */ = {
			isa = PBXContainerItemProxy;
			containerPortal = BA524A6319821270006973F4 /* Project object */;
			proxyType = 1;
			remoteGlobalIDString = BA524A6A19821270006973F4;
			remoteInfo = HorizontalTableView;
		};
/* End PBXContainerItemProxy section */

/* Begin PBXFileReference section */
		BA524A6B19821270006973F4 /* HorizontalTableView.app */ = {isa = PBXFileReference; explicitFileType = wrapper.application; includeInIndex = 0; path = HorizontalTableView.app; sourceTree = BUILT_PRODUCTS_DIR; };
		BA524A6E19821270006973F4 /* Foundation.framework */ = {isa = PBXFileReference; lastKnownFileType = wrapper.framework; name = Foundation.framework; path = System/Library/Frameworks/Foundation.framework; sourceTree = SDKROOT; };
		BA524A7019821270006973F4 /* CoreGraphics.framework */ = {isa = PBXFileReference; lastKnownFileType = wrapper.framework; name = CoreGraphics.framework; path = System/Library/Frameworks/CoreGraphics.framework; sourceTree = SDKROOT; };
		BA524A7219821270006973F4 /* UIKit.framework */ = {isa = PBXFileReference; lastKnownFileType = wrapper.framework; name = UIKit.framework; path = System/Library/Frameworks/UIKit.framework; sourceTree = SDKROOT; };
		BA524A7619821270006973F4 /* HorizontalTableView-Info.plist */ = {isa = PBXFileReference; lastKnownFileType = text.plist.xml; path = "HorizontalTableView-Info.plist"; sourceTree = "<group>"; };
		BA524A7819821270006973F4 /* en */ = {isa = PBXFileReference; lastKnownFileType = text.plist.strings; name = en; path = en.lproj/InfoPlist.strings; sourceTree = "<group>"; };
		BA524A7A19821270006973F4 /* main.m */ = {isa = PBXFileReference; lastKnownFileType = sourcecode.c.objc; path = main.m; sourceTree = "<group>"; };
		BA524A7C19821270006973F4 /* HorizontalTableView-Prefix.pch */ = {isa = PBXFileReference; lastKnownFileType = sourcecode.c.h; path = "HorizontalTableView-Prefix.pch"; sourceTree = "<group>"; };
		BA524A7D19821270006973F4 /* AppDelegate.h */ = {isa = PBXFileReference; lastKnownFileType = sourcecode.c.h; path = AppDelegate.h; sourceTree = "<group>"; };
		BA524A7E19821270006973F4 /* AppDelegate.m */ = {isa = PBXFileReference; lastKnownFileType = sourcecode.c.objc; path = AppDelegate.m; sourceTree = "<group>"; };
		BA524A8019821270006973F4 /* Images.xcassets */ = {isa = PBXFileReference; lastKnownFileType = folder.assetcatalog; path = Images.xcassets; sourceTree = "<group>"; };
		BA524A8619821270006973F4 /* HorizontalTableViewTests.xctest */ = {isa = PBXFileReference; explicitFileType = wrapper.cfbundle; includeInIndex = 0; path = HorizontalTableViewTests.xctest; sourceTree = BUILT_PRODUCTS_DIR; };
		BA524A8719821270006973F4 /* XCTest.framework */ = {isa = PBXFileReference; lastKnownFileType = wrapper.framework; name = XCTest.framework; path = Library/Frameworks/XCTest.framework; sourceTree = DEVELOPER_DIR; };
		BA524A8F19821270006973F4 /* HorizontalTableViewTests-Info.plist */ = {isa = PBXFileReference; lastKnownFileType = text.plist.xml; path = "HorizontalTableViewTests-Info.plist"; sourceTree = "<group>"; };
		BA524A9119821270006973F4 /* en */ = {isa = PBXFileReference; lastKnownFileType = text.plist.strings; name = en; path = en.lproj/InfoPlist.strings; sourceTree = "<group>"; };
		BA524A9319821270006973F4 /* HorizontalTableViewTests.m */ = {isa = PBXFileReference; lastKnownFileType = sourcecode.c.objc; path = HorizontalTableViewTests.m; sourceTree = "<group>"; };
/* End PBXFileReference section */

/* Begin PBXFrameworksBuildPhase section */
		BA524A6819821270006973F4 /* Frameworks */ = {
			isa = PBXFrameworksBuildPhase;
			buildActionMask = 2147483647;
			files = (
				BA524A7119821270006973F4 /* CoreGraphics.framework in Frameworks */,
				BA524A7319821270006973F4 /* UIKit.framework in Frameworks */,
				BA524A6F19821270006973F4 /* Foundation.framework in Frameworks */,
			);
			runOnlyForDeploymentPostprocessing = 0;
		};
		BA524A8319821270006973F4 /* Frameworks */ = {
			isa = PBXFrameworksBuildPhase;
			buildActionMask = 2147483647;
			files = (
				BA524A8819821270006973F4 /* XCTest.framework in Frameworks */,
				BA524A8A19821270006973F4 /* UIKit.framework in Frameworks */,
				BA524A8919821270006973F4 /* Foundation.framework in Frameworks */,
			);
			runOnlyForDeploymentPostprocessing = 0;
		};
/* End PBXFrameworksBuildPhase section */

/* Begin PBXGroup section */
		BA524A6219821270006973F4 = {
			isa = PBXGroup;
			children = (
				BA524A7419821270006973F4 /* HorizontalTableView */,
				BA524A8D19821270006973F4 /* HorizontalTableViewTests */,
				BA524A6D19821270006973F4 /* Frameworks */,
				BA524A6C19821270006973F4 /* Products */,
			);
			sourceTree = "<group>";
		};
		BA524A6C19821270006973F4 /* Products */ = {
			isa = PBXGroup;
			children = (
				BA524A6B19821270006973F4 /* HorizontalTableView.app */,
				BA524A8619821270006973F4 /* HorizontalTableViewTests.xctest */,
			);
			name = Products;
			sourceTree = "<group>";
		};
		BA524A6D19821270006973F4 /* Frameworks */ = {
			isa = PBXGroup;
			children = (
				BA524A6E19821270006973F4 /* Foundation.framework */,
				BA524A7019821270006973F4 /* CoreGraphics.framework */,
				BA524A7219821270006973F4 /* UIKit.framework */,
				BA524A8719821270006973F4 /* XCTest.framework */,
			);
			name = Frameworks;
			sourceTree = "<group>";
		};
		BA524A7419821270006973F4 /* HorizontalTableView */ = {
			isa = PBXGroup;
			children = (
				BA524A7D19821270006973F4 /* AppDelegate.h */,
				BA524A7E19821270006973F4 /* AppDelegate.m */,
				BA524A8019821270006973F4 /* Images.xcassets */,
				BA524A7519821270006973F4 /* Supporting Files */,
			);
			path = HorizontalTableView;
			sourceTree = "<group>";
		};
		BA524A7519821270006973F4 /* Supporting Files */ = {
			isa = PBXGroup;
			children = (
				BA524A7619821270006973F4 /* HorizontalTableView-Info.plist */,
				BA524A7719821270006973F4 /* InfoPlist.strings */,
				BA524A7A19821270006973F4 /* main.m */,
				BA524A7C19821270006973F4 /* HorizontalTableView-Prefix.pch */,
			);
			name = "Supporting Files";
			sourceTree = "<group>";
		};
		BA524A8D19821270006973F4 /* HorizontalTableViewTests */ = {
			isa = PBXGroup;
			children = (
				BA524A9319821270006973F4 /* HorizontalTableViewTests.m */,
				BA524A8E19821270006973F4 /* Supporting Files */,
			);
			path = HorizontalTableViewTests;
			sourceTree = "<group>";
		};
		BA524A8E19821270006973F4 /* Supporting Files */ = {
			isa = PBXGroup;
			children = (
				BA524A8F19821270006973F4 /* HorizontalTableViewTests-Info.plist */,
				BA524A9019821270006973F4 /* InfoPlist.strings */,
			);
			name = "Supporting Files";
			sourceTree = "<group>";
		};
/* End PBXGroup section */

/* Begin PBXNativeTarget section */
		BA524A6A19821270006973F4 /* HorizontalTableView */ = {
			isa = PBXNativeTarget;
			buildConfigurationList = BA524A9719821270006973F4 /* Build configuration list for PBXNativeTarget "HorizontalTableView" */;
			buildPhases = (
				BA524A6719821270006973F4 /* Sources */,
				BA524A6819821270006973F4 /* Frameworks */,
				BA524A6919821270006973F4 /* Resources */,
			);
			buildRules = (
			);
			dependencies = (
			);
			name = HorizontalTableView;
			productName = HorizontalTableView;
			productReference = BA524A6B19821270006973F4 /* HorizontalTableView.app */;
			productType = "com.apple.product-type.application";
		};
		BA524A8519821270006973F4 /* HorizontalTableViewTests */ = {
			isa = PBXNativeTarget;
			buildConfigurationList = BA524A9A19821270006973F4 /* Build configuration list for PBXNativeTarget "HorizontalTableViewTests" */;
			buildPhases = (
				BA524A8219821270006973F4 /* Sources */,
				BA524A8319821270006973F4 /* Frameworks */,
				BA524A8419821270006973F4 /* Resources */,
			);
			buildRules = (
			);
			dependencies = (
				BA524A8C19821270006973F4 /* PBXTargetDependency */,
			);
			name = HorizontalTableViewTests;
			productName = HorizontalTableViewTests;
			productReference = BA524A8619821270006973F4 /* HorizontalTableViewTests.xctest */;
			productType = "com.apple.product-type.bundle.unit-test";
		};
/* End PBXNativeTarget section */

/* Begin PBXProject section */
		BA524A6319821270006973F4 /* Project object */ = {
			isa = PBXProject;
			attributes = {
				LastUpgradeCheck = 0510;
				ORGANIZATIONNAME = "___李言___";
				TargetAttributes = {
					BA524A8519821270006973F4 = {
						TestTargetID = BA524A6A19821270006973F4;
					};
				};
			};
			buildConfigurationList = BA524A6619821270006973F4 /* Build configuration list for PBXProject "HorizontalTableView" */;
			compatibilityVersion = "Xcode 3.2";
			developmentRegion = English;
			hasScannedForEncodings = 0;
			knownRegions = (
				en,
			);
			mainGroup = BA524A6219821270006973F4;
			productRefGroup = BA524A6C19821270006973F4 /* Products */;
			projectDirPath = "";
			projectRoot = "";
			targets = (
				BA524A6A19821270006973F4 /* HorizontalTableView */,
				BA524A8519821270006973F4 /* HorizontalTableViewTests */,
			);
		};
/* End PBXProject section */

/* Begin PBXResourcesBuildPhase section */
		BA524A6919821270006973F4 /* Resources */ = {
			isa = PBXResourcesBuildPhase;
			buildActionMask = 2147483647;
			files = (
				BA524A7919821270006973F4 /* InfoPlist.strings in Resources */,
				BA524A8119821270006973F4 /* Images.xcassets in Resources */,
			);
			runOnlyForDeploymentPostprocessing = 0;
		};
		BA524A8419821270006973F4 /* Resources */ = {
			isa = PBXResourcesBuildPhase;
			buildActionMask = 2147483647;
			files = (
				BA524A9219821270006973F4 /* InfoPlist.strings in Resources */,
			);
			runOnlyForDeploymentPostprocessing = 0;
		};
/* End PBXResourcesBuildPhase section */

/* Begin PBXSourcesBuildPhase section */
		BA524A6719821270006973F4 /* Sources */ = {
			isa = PBXSourcesBuildPhase;
			buildActionMask = 2147483647;
			files = (
				BA524A7F19821270006973F4 /* AppDelegate.m in Sources */,
				BA524A7B19821270006973F4 /* main.m in Sources */,
			);
			runOnlyForDeploymentPostprocessing = 0;
		};
		BA524A8219821270006973F4 /* Sources */ = {
			isa = PBXSourcesBuildPhase;
			buildActionMask = 2147483647;
			files = (
				BA524A9419821270006973F4 /* HorizontalTableViewTests.m in Sources */,
			);
			runOnlyForDeploymentPostprocessing = 0;
		};
/* End PBXSourcesBuildPhase section */

/* Begin PBXTargetDependency section */
		BA524A8C19821270006973F4 /* PBXTargetDependency */ = {
			isa = PBXTargetDependency;
			target = BA524A6A19821270006973F4 /* HorizontalTableView */;
			targetProxy = BA524A8B19821270006973F4 /* PBXContainerItemProxy */;
		};
/* End PBXTargetDependency section */

/* Begin PBXVariantGroup section */
		BA524A7719821270006973F4 /* InfoPlist.strings */ = {
			isa = PBXVariantGroup;
			children = (
				BA524A7819821270006973F4 /* en */,
			);
			name = InfoPlist.strings;
			sourceTree = "<group>";
		};
		BA524A9019821270006973F4 /* InfoPlist.strings */ = {
			isa = PBXVariantGroup;
			children = (
				BA524A9119821270006973F4 /* en */,
			);
			name = InfoPlist.strings;
			sourceTree = "<group>";
		};
/* End PBXVariantGroup section */

/* Begin XCBuildConfiguration section */
		BA524A9519821270006973F4 /* Debug */ = {
			isa = XCBuildConfiguration;
			buildSettings = {
				ALWAYS_SEARCH_USER_PATHS = NO;
				CLANG_CXX_LANGUAGE_STANDARD = "gnu++0x";
				CLANG_CXX_LIBRARY = "libc++";
				CLANG_ENABLE_MODULES = YES;
				CLANG_ENABLE_OBJC_ARC = YES;
				CLANG_WARN_BOOL_CONVERSION = YES;
				CLANG_WARN_CONSTANT_CONVERSION = YES;
				CLANG_WARN_DIRECT_OBJC_ISA_USAGE = YES_ERROR;
				CLANG_WARN_EMPTY_BODY = YES;
				CLANG_WARN_ENUM_CONVERSION = YES;
				CLANG_WARN_INT_CONVERSION = YES;
				CLANG_WARN_OBJC_ROOT_CLASS = YES_ERROR;
				CLANG_WARN__DUPLICATE_METHOD_MATCH = YES;
				"CODE_SIGN_IDENTITY[sdk=iphoneos*]" = "iPhone Developer";
				COPY_PHASE_STRIP = NO;
				GCC_C_LANGUAGE_STANDARD = gnu99;
				GCC_DYNAMIC_NO_PIC = NO;
				GCC_OPTIMIZATION_LEVEL = 0;
				GCC_PREPROCESSOR_DEFINITIONS = (
					"DEBUG=1",
					"$(inherited)",
				);
				GCC_SYMBOLS_PRIVATE_EXTERN = NO;
				GCC_WARN_64_TO_32_BIT_CONVERSION = YES;
				GCC_WARN_ABOUT_RETURN_TYPE = YES_ERROR;
				GCC_WARN_UNDECLARED_SELECTOR = YES;
				GCC_WARN_UNINITIALIZED_AUTOS = YES_AGGRESSIVE;
				GCC_WARN_UNUSED_FUNCTION = YES;
				GCC_WARN_UNUSED_VARIABLE = YES;
				IPHONEOS_DEPLOYMENT_TARGET = 7.1;
				ONLY_ACTIVE_ARCH = YES;
				SDKROOT = iphoneos;
				TARGETED_DEVICE_FAMILY = "1,2";
			};
			name = Debug;
		};
		BA524A9619821270006973F4 /* Release */ = {
			isa = XCBuildConfiguration;
			buildSettings = {
				ALWAYS_SEARCH_USER_PATHS = NO;
				CLANG_CXX_LANGUAGE_STANDARD = "gnu++0x";
				CLANG_CXX_LIBRARY = "libc++";
				CLANG_ENABLE_MODULES = YES;
				CLANG_ENABLE_OBJC_ARC = YES;
				CLANG_WARN_BOOL_CONVERSION = YES;
				CLANG_WARN_CONSTANT_CONVERSION = YES;
				CLANG_WARN_DIRECT_OBJC_ISA_USAGE = YES_ERROR;
				CLANG_WARN_EMPTY_BODY = YES;
				CLANG_WARN_ENUM_CONVERSION = YES;
				CLANG_WARN_INT_CONVERSION = YES;
				CLANG_WARN_OBJC_ROOT_CLASS = YES_ERROR;
				CLANG_WARN__DUPLICATE_METHOD_MATCH = YES;
				"CODE_SIGN_IDENTITY[sdk=iphoneos*]" = "iPhone Developer";
				COPY_PHASE_STRIP = YES;
				ENABLE_NS_ASSERTIONS = NO;
				GCC_C_LANGUAGE_STANDARD = gnu99;
				GCC_WARN_64_TO_32_BIT_CONVERSION = YES;
				GCC_WARN_ABOUT_RETURN_TYPE = YES_ERROR;
				GCC_WARN_UNDECLARED_SELECTOR = YES;
				GCC_WARN_UNINITIALIZED_AUTOS = YES_AGGRESSIVE;
				GCC_WARN_UNUSED_FUNCTION = YES;
				GCC_WARN_UNUSED_VARIABLE = YES;
				IPHONEOS_DEPLOYMENT_TARGET = 7.1;
				SDKROOT = iphoneos;
				TARGETED_DEVICE_FAMILY = "1,2";
				VALIDATE_PRODUCT = YES;
			};
			name = Release;
		};
		BA524A9819821270006973F4 /* Debug */ = {
			isa = XCBuildConfiguration;
			buildSettings = {
				ASSETCATALOG_COMPILER_APPICON_NAME = AppIcon;
				ASSETCATALOG_COMPILER_LAUNCHIMAGE_NAME = LaunchImage;
				GCC_PRECOMPILE_PREFIX_HEADER = YES;
				GCC_PREFIX_HEADER = "HorizontalTableView/HorizontalTableView-Prefix.pch";
				INFOPLIST_FILE = "HorizontalTableView/HorizontalTableView-Info.plist";
				PRODUCT_NAME = "$(TARGET_NAME)";
				WRAPPER_EXTENSION = app;
			};
			name = Debug;
		};
		BA524A9919821270006973F4 /* Release */ = {
			isa = XCBuildConfiguration;
			buildSettings = {
				ASSETCATALOG_COMPILER_APPICON_NAME = AppIcon;
				ASSETCATALOG_COMPILER_LAUNCHIMAGE_NAME = LaunchImage;
				GCC_PRECOMPILE_PREFIX_HEADER = YES;
				GCC_PREFIX_HEADER = "HorizontalTableView/HorizontalTableView-Prefix.pch";
				INFOPLIST_FILE = "HorizontalTableView/HorizontalTableView-Info.plist";
				PRODUCT_NAME = "$(TARGET_NAME)";
				WRAPPER_EXTENSION = app;
			};
			name = Release;
		};
		BA524A9B19821270006973F4 /* Debug */ = {
			isa = XCBuildConfiguration;
			buildSettings = {
				BUNDLE_LOADER = "$(BUILT_PRODUCTS_DIR)/HorizontalTableView.app/HorizontalTableView";
				FRAMEWORK_SEARCH_PATHS = (
					"$(SDKROOT)/Developer/Library/Frameworks",
					"$(inherited)",
					"$(DEVELOPER_FRAMEWORKS_DIR)",
				);
				GCC_PRECOMPILE_PREFIX_HEADER = YES;
				GCC_PREFIX_HEADER = "HorizontalTableView/HorizontalTableView-Prefix.pch";
				GCC_PREPROCESSOR_DEFINITIONS = (
					"DEBUG=1",
					"$(inherited)",
				);
				INFOPLIST_FILE = "HorizontalTableViewTests/HorizontalTableViewTests-Info.plist";
				PRODUCT_NAME = "$(TARGET_NAME)";
				TEST_HOST = "$(BUNDLE_LOADER)";
				WRAPPER_EXTENSION = xctest;
			};
			name = Debug;
		};
		BA524A9C19821270006973F4 /* Release */ = {
			isa = XCBuildConfiguration;
			buildSettings = {
				BUNDLE_LOADER = "$(BUILT_PRODUCTS_DIR)/HorizontalTableView.app/HorizontalTableView";
				FRAMEWORK_SEARCH_PATHS = (
					"$(SDKROOT)/Developer/Library/Frameworks",
					"$(inherited)",
					"$(DEVELOPER_FRAMEWORKS_DIR)",
				);
				GCC_PRECOMPILE_PREFIX_HEADER = YES;
				GCC_PREFIX_HEADER = "HorizontalTableView/HorizontalTableView-Prefix.pch";
				INFOPLIST_FILE = "HorizontalTableViewTests/HorizontalTableViewTests-Info.plist";
				PRODUCT_NAME = "$(TARGET_NAME)";
				TEST_HOST = "$(BUNDLE_LOADER)";
				WRAPPER_EXTENSION = xctest;
			};
			name = Release;
		};
/* End XCBuildConfiguration section */

/* Begin XCConfigurationList section */
		BA524A6619821270006973F4 /* Build configuration list for PBXProject "HorizontalTableView" */ = {
			isa = XCConfigurationList;
			buildConfigurations = (
				BA524A9519821270006973F4 /* Debug */,
				BA524A9619821270006973F4 /* Release */,
			);
			defaultConfigurationIsVisible = 0;
			defaultConfigurationName = Release;
		};
		BA524A9719821270006973F4 /* Build configuration list for PBXNativeTarget "HorizontalTableView" */ = {
			isa = XCConfigurationList;
			buildConfigurations = (
				BA524A9819821270006973F4 /* Debug */,
				BA524A9919821270006973F4 /* Release */,
			);
			defaultConfigurationIsVisible = 0;
		};
		BA524A9A19821270006973F4 /* Build configuration list for PBXNativeTarget "HorizontalTableViewTests" */ = {
			isa = XCConfigurationList;
			buildConfigurations = (
				BA524A9B19821270006973F4 /* Debug */,
				BA524A9C19821270006973F4 /* Release */,
			);
			defaultConfigurationIsVisible = 0;
		};
/* End XCConfigurationList section */
	};
	rootObject = BA524A6319821270006973F4 /* Project object */;
}
